// !$*UTF8*$!
{
	archiveVersion = 1;
	classes = {
	};
	objectVersion = 55;
	objects = {

/* Begin PBXBuildFile section */
		F590BFEB2826B167000898D3 /* SwiftUI_test1App.swift in Sources */ = {isa = PBXBuildFile; fileRef = F590BFEA2826B167000898D3 /* SwiftUI_test1App.swift */; };
		F590BFED2826B167000898D3 /* ContentView.swift in Sources */ = {isa = PBXBuildFile; fileRef = F590BFEC2826B167000898D3 /* ContentView.swift */; };
		F590BFEF2826B169000898D3 /* Assets.xcassets in Resources */ = {isa = PBXBuildFile; fileRef = F590BFEE2826B169000898D3 /* Assets.xcassets */; };
		F590BFF22826B169000898D3 /* Preview Assets.xcassets in Resources */ = {isa = PBXBuildFile; fileRef = F590BFF12826B169000898D3 /* Preview Assets.xcassets */; };
		F590BFFC2826B16A000898D3 /* SwiftUI_test1Tests.swift in Sources */ = {isa = PBXBuildFile; fileRef = F590BFFB2826B16A000898D3 /* SwiftUI_test1Tests.swift */; };
		F590C0062826B16A000898D3 /* SwiftUI_test1UITests.swift in Sources */ = {isa = PBXBuildFile; fileRef = F590C0052826B16A000898D3 /* SwiftUI_test1UITests.swift */; };
		F590C0082826B16A000898D3 /* SwiftUI_test1UITestsLaunchTests.swift in Sources */ = {isa = PBXBuildFile; fileRef = F590C0072826B16A000898D3 /* SwiftUI_test1UITestsLaunchTests.swift */; };
/* End PBXBuildFile section */

/* Begin PBXContainerItemProxy section */
		F590BFF82826B16A000898D3 /* PBXContainerItemProxy */ = {
			isa = PBXContainerItemProxy;
			containerPortal = F590BFDF2826B166000898D3 /* Project object */;
			proxyType = 1;
			remoteGlobalIDString = F590BFE62826B167000898D3;
			remoteInfo = "SwiftUI test1";
		};
		F590C0022826B16A000898D3 /* PBXContainerItemProxy */ = {
			isa = PBXContainerItemProxy;
			containerPortal = F590BFDF2826B166000898D3 /* Project object */;
			proxyType = 1;
			remoteGlobalIDString = F590BFE62826B167000898D3;
			remoteInfo = "SwiftUI test1";
		};
/* End PBXContainerItemProxy section */

/* Begin PBXFileReference section */
		F590BFE72826B167000898D3 /* SwiftUI test1.app */ = {isa = PBXFileReference; explicitFileType = wrapper.application; includeInIndex = 0; path = "SwiftUI test1.app"; sourceTree = BUILT_PRODUCTS_DIR; };
		F590BFEA2826B167000898D3 /* SwiftUI_test1App.swift */ = {isa = PBXFileReference; lastKnownFileType = sourcecode.swift; path = SwiftUI_test1App.swift; sourceTree = "<group>"; };
		F590BFEC2826B167000898D3 /* ContentView.swift */ = {isa = PBXFileReference; lastKnownFileType = sourcecode.swift; path = ContentView.swift; sourceTree = "<group>"; };
		F590BFEE2826B169000898D3 /* Assets.xcassets */ = {isa = PBXFileReference; lastKnownFileType = folder.assetcatalog; path = Assets.xcassets; sourceTree = "<group>"; };
		F590BFF12826B169000898D3 /* Preview Assets.xcassets */ = {isa = PBXFileReference; lastKnownFileType = folder.assetcatalog; path = "Preview Assets.xcassets"; sourceTree = "<group>"; };
		F590BFF72826B16A000898D3 /* SwiftUI test1Tests.xctest */ = {isa = PBXFileReference; explicitFileType = wrapper.cfbundle; includeInIndex = 0; path = "SwiftUI test1Tests.xctest"; sourceTree = BUILT_PRODUCTS_DIR; };
		F590BFFB2826B16A000898D3 /* SwiftUI_test1Tests.swift */ = {isa = PBXFileReference; lastKnownFileType = sourcecode.swift; path = SwiftUI_test1Tests.swift; sourceTree = "<group>"; };
		F590C0012826B16A000898D3 /* SwiftUI test1UITests.xctest */ = {isa = PBXFileReference; explicitFileType = wrapper.cfbundle; includeInIndex = 0; path = "SwiftUI test1UITests.xctest"; sourceTree = BUILT_PRODUCTS_DIR; };
		F590C0052826B16A000898D3 /* SwiftUI_test1UITests.swift */ = {isa = PBXFileReference; lastKnownFileType = sourcecode.swift; path = SwiftUI_test1UITests.swift; sourceTree = "<group>"; };
		F590C0072826B16A000898D3 /* SwiftUI_test1UITestsLaunchTests.swift */ = {isa = PBXFileReference; lastKnownFileType = sourcecode.swift; path = SwiftUI_test1UITestsLaunchTests.swift; sourceTree = "<group>"; };
/* End PBXFileReference section */

/* Begin PBXFrameworksBuildPhase section */
		F590BFE42826B167000898D3 /* Frameworks */ = {
			isa = PBXFrameworksBuildPhase;
			buildActionMask = 2147483647;
			files = (
			);
			runOnlyForDeploymentPostprocessing = 0;
		};
		F590BFF42826B16A000898D3 /* Frameworks */ = {
			isa = PBXFrameworksBuildPhase;
			buildActionMask = 2147483647;
			files = (
			);
			runOnlyForDeploymentPostprocessing = 0;
		};
		F590BFFE2826B16A000898D3 /* Frameworks */ = {
			isa = PBXFrameworksBuildPhase;
			buildActionMask = 2147483647;
			files = (
			);
			runOnlyForDeploymentPostprocessing = 0;
		};
/* End PBXFrameworksBuildPhase section */

/* Begin PBXGroup section */
		F590BFDE2826B166000898D3 = {
			isa = PBXGroup;
			children = (
				F590BFE92826B167000898D3 /* SwiftUI test1 */,
				F590BFFA2826B16A000898D3 /* SwiftUI test1Tests */,
				F590C0042826B16A000898D3 /* SwiftUI test1UITests */,
				F590BFE82826B167000898D3 /* Products */,
			);
			sourceTree = "<group>";
		};
		F590BFE82826B167000898D3 /* Products */ = {
			isa = PBXGroup;
			children = (
				F590BFE72826B167000898D3 /* SwiftUI test1.app */,
				F590BFF72826B16A000898D3 /* SwiftUI test1Tests.xctest */,
				F590C0012826B16A000898D3 /* SwiftUI test1UITests.xctest */,
			);
			name = Products;
			sourceTree = "<group>";
		};
		F590BFE92826B167000898D3 /* SwiftUI test1 */ = {
			isa = PBXGroup;
			children = (
				F590BFEA2826B167000898D3 /* SwiftUI_test1App.swift */,
				F590BFEC2826B167000898D3 /* ContentView.swift */,
				F590BFEE2826B169000898D3 /* Assets.xcassets */,
				F590BFF02826B169000898D3 /* Preview Content */,
			);
			path = "SwiftUI test1";
			sourceTree = "<group>";
		};
		F590BFF02826B169000898D3 /* Preview Content */ = {
			isa = PBXGroup;
			children = (
				F590BFF12826B169000898D3 /* Preview Assets.xcassets */,
			);
			path = "Preview Content";
			sourceTree = "<group>";
		};
		F590BFFA2826B16A000898D3 /* SwiftUI test1Tests */ = {
			isa = PBXGroup;
			children = (
				F590BFFB2826B16A000898D3 /* SwiftUI_test1Tests.swift */,
			);
			path = "SwiftUI test1Tests";
			sourceTree = "<group>";
		};
		F590C0042826B16A000898D3 /* SwiftUI test1UITests */ = {
			isa = PBXGroup;
			children = (
				F590C0052826B16A000898D3 /* SwiftUI_test1UITests.swift */,
				F590C0072826B16A000898D3 /* SwiftUI_test1UITestsLaunchTests.swift */,
			);
			path = "SwiftUI test1UITests";
			sourceTree = "<group>";
		};
/* End PBXGroup section */

/* Begin PBXNativeTarget section */
		F590BFE62826B167000898D3 /* SwiftUI test1 */ = {
			isa = PBXNativeTarget;
			buildConfigurationList = F590C00B2826B16A000898D3 /* Build configuration list for PBXNativeTarget "SwiftUI test1" */;
			buildPhases = (
				F590BFE32826B167000898D3 /* Sources */,
				F590BFE42826B167000898D3 /* Frameworks */,
				F590BFE52826B167000898D3 /* Resources */,
			);
			buildRules = (
			);
			dependencies = (
			);
			name = "SwiftUI test1";
			productName = "SwiftUI test1";
			productReference = F590BFE72826B167000898D3 /* SwiftUI test1.app */;
			productType = "com.apple.product-type.application";
		};
		F590BFF62826B16A000898D3 /* SwiftUI test1Tests */ = {
			isa = PBXNativeTarget;
			buildConfigurationList = F590C00E2826B16A000898D3 /* Build configuration list for PBXNativeTarget "SwiftUI test1Tests" */;
			buildPhases = (
				F590BFF32826B16A000898D3 /* Sources */,
				F590BFF42826B16A000898D3 /* Frameworks */,
				F590BFF52826B16A000898D3 /* Resources */,
			);
			buildRules = (
			);
			dependencies = (
				F590BFF92826B16A000898D3 /* PBXTargetDependency */,
			);
			name = "SwiftUI test1Tests";
			productName = "SwiftUI test1Tests";
			productReference = F590BFF72826B16A000898D3 /* SwiftUI test1Tests.xctest */;
			productType = "com.apple.product-type.bundle.unit-test";
		};
		F590C0002826B16A000898D3 /* SwiftUI test1UITests */ = {
			isa = PBXNativeTarget;
			buildConfigurationList = F590C0112826B16A000898D3 /* Build configuration list for PBXNativeTarget "SwiftUI test1UITests" */;
			buildPhases = (
				F590BFFD2826B16A000898D3 /* Sources */,
				F590BFFE2826B16A000898D3 /* Frameworks */,
				F590BFFF2826B16A000898D3 /* Resources */,
			);
			buildRules = (
			);
			dependencies = (
				F590C0032826B16A000898D3 /* PBXTargetDependency */,
			);
			name = "SwiftUI test1UITests";
			productName = "SwiftUI test1UITests";
			productReference = F590C0012826B16A000898D3 /* SwiftUI test1UITests.xctest */;
			productType = "com.apple.product-type.bundle.ui-testing";
		};
/* End PBXNativeTarget section */

/* Begin PBXProject section */
		F590BFDF2826B166000898D3 /* Project object */ = {
			isa = PBXProject;
			attributes = {
				BuildIndependentTargetsInParallel = 1;
				LastSwiftUpdateCheck = 1300;
				LastUpgradeCheck = 1300;
				TargetAttributes = {
					F590BFE62826B167000898D3 = {
						CreatedOnToolsVersion = 13.0;
					};
					F590BFF62826B16A000898D3 = {
						CreatedOnToolsVersion = 13.0;
						TestTargetID = F590BFE62826B167000898D3;
					};
					F590C0002826B16A000898D3 = {
						CreatedOnToolsVersion = 13.0;
						TestTargetID = F590BFE62826B167000898D3;
					};
				};
			};
			buildConfigurationList = F590BFE22826B166000898D3 /* Build configuration list for PBXProject "SwiftUI test1" */;
			compatibilityVersion = "Xcode 13.0";
			developmentRegion = en;
			hasScannedForEncodings = 0;
			knownRegions = (
				en,
				Base,
			);
			mainGroup = F590BFDE2826B166000898D3;
			productRefGroup = F590BFE82826B167000898D3 /* Products */;
			projectDirPath = "";
			projectRoot = "";
			targets = (
				F590BFE62826B167000898D3 /* SwiftUI test1 */,
				F590BFF62826B16A000898D3 /* SwiftUI test1Tests */,
				F590C0002826B16A000898D3 /* SwiftUI test1UITests */,
			);
		};
/* End PBXProject section */

/* Begin PBXResourcesBuildPhase section */
		F590BFE52826B167000898D3 /* Resources */ = {
			isa = PBXResourcesBuildPhase;
			buildActionMask = 2147483647;
			files = (
				F590BFF22826B169000898D3 /* Preview Assets.xcassets in Resources */,
				F590BFEF2826B169000898D3 /* Assets.xcassets in Resources */,
			);
			runOnlyForDeploymentPostprocessing = 0;
		};
		F590BFF52826B16A000898D3 /* Resources */ = {
			isa = PBXResourcesBuildPhase;
			buildActionMask = 2147483647;
			files = (
			);
			runOnlyForDeploymentPostprocessing = 0;
		};
		F590BFFF2826B16A000898D3 /* Resources */ = {
			isa = PBXResourcesBuildPhase;
			buildActionMask = 2147483647;
			files = (
			);
			runOnlyForDeploymentPostprocessing = 0;
		};
/* End PBXResourcesBuildPhase section */

/* Begin PBXSourcesBuildPhase section */
		F590BFE32826B167000898D3 /* Sources */ = {
			isa = PBXSourcesBuildPhase;
			buildActionMask = 2147483647;
			files = (
				F590BFED2826B167000898D3 /* ContentView.swift in Sources */,
				F590BFEB2826B167000898D3 /* SwiftUI_test1App.swift in Sources */,
			);
			runOnlyForDeploymentPostprocessing = 0;
		};
		F590BFF32826B16A000898D3 /* Sources */ = {
			isa = PBXSourcesBuildPhase;
			buildActionMask = 2147483647;
			files = (
				F590BFFC2826B16A000898D3 /* SwiftUI_test1Tests.swift in Sources */,
			);
			runOnlyForDeploymentPostprocessing = 0;
		};
		F590BFFD2826B16A000898D3 /* Sources */ = {
			isa = PBXSourcesBuildPhase;
			buildActionMask = 2147483647;
			files = (
				F590C0082826B16A000898D3 /* SwiftUI_test1UITestsLaunchTests.swift in Sources */,
				F590C0062826B16A000898D3 /* SwiftUI_test1UITests.swift in Sources */,
			);
			runOnlyForDeploymentPostprocessing = 0;
		};
/* End PBXSourcesBuildPhase section */

/* Begin PBXTargetDependency section */
		F590BFF92826B16A000898D3 /* PBXTargetDependency */ = {
			isa = PBXTargetDependency;
			target = F590BFE62826B167000898D3 /* SwiftUI test1 */;
			targetProxy = F590BFF82826B16A000898D3 /* PBXContainerItemProxy */;
		};
		F590C0032826B16A000898D3 /* PBXTargetDependency */ = {
			isa = PBXTargetDependency;
			target = F590BFE62826B167000898D3 /* SwiftUI test1 */;
			targetProxy = F590C0022826B16A000898D3 /* PBXContainerItemProxy */;
		};
/* End PBXTargetDependency section */

/* Begin XCBuildConfiguration section */
		F590C0092826B16A000898D3 /* Debug */ = {
			isa = XCBuildConfiguration;
			buildSettings = {
				ALWAYS_SEARCH_USER_PATHS = NO;
				CLANG_ANALYZER_NONNULL = YES;
				CLANG_ANALYZER_NUMBER_OBJECT_CONVERSION = YES_AGGRESSIVE;
				CLANG_CXX_LANGUAGE_STANDARD = "gnu++17";
				CLANG_CXX_LIBRARY = "libc++";
				CLANG_ENABLE_MODULES = YES;
				CLANG_ENABLE_OBJC_ARC = YES;
				CLANG_ENABLE_OBJC_WEAK = YES;
				CLANG_WARN_BLOCK_CAPTURE_AUTORELEASING = YES;
				CLANG_WARN_BOOL_CONVERSION = YES;
				CLANG_WARN_COMMA = YES;
				CLANG_WARN_CONSTANT_CONVERSION = YES;
				CLANG_WARN_DEPRECATED_OBJC_IMPLEMENTATIONS = YES;
				CLANG_WARN_DIRECT_OBJC_ISA_USAGE = YES_ERROR;
				CLANG_WARN_DOCUMENTATION_COMMENTS = YES;
				CLANG_WARN_EMPTY_BODY = YES;
				CLANG_WARN_ENUM_CONVERSION = YES;
				CLANG_WARN_INFINITE_RECURSION = YES;
				CLANG_WARN_INT_CONVERSION = YES;
				CLANG_WARN_NON_LITERAL_NULL_CONVERSION = YES;
				CLANG_WARN_OBJC_IMPLICIT_RETAIN_SELF = YES;
				CLANG_WARN_OBJC_LITERAL_CONVERSION = YES;
				CLANG_WARN_OBJC_ROOT_CLASS = YES_ERROR;
				CLANG_WARN_QUOTED_INCLUDE_IN_FRAMEWORK_HEADER = YES;
				CLANG_WARN_RANGE_LOOP_ANALYSIS = YES;
				CLANG_WARN_STRICT_PROTOTYPES = YES;
				CLANG_WARN_SUSPICIOUS_MOVE = YES;
				CLANG_WARN_UNGUARDED_AVAILABILITY = YES_AGGRESSIVE;
				CLANG_WARN_UNREACHABLE_CODE = YES;
				CLANG_WARN__DUPLICATE_METHOD_MATCH = YES;
				COPY_PHASE_STRIP = NO;
				DEBUG_INFORMATION_FORMAT = dwarf;
				ENABLE_STRICT_OBJC_MSGSEND = YES;
				ENABLE_TESTABILITY = YES;
				GCC_C_LANGUAGE_STANDARD = gnu11;
				GCC_DYNAMIC_NO_PIC = NO;
				GCC_NO_COMMON_BLOCKS = YES;
				GCC_OPTIMIZATION_LEVEL = 0;
				GCC_PREPROCESSOR_DEFINITIONS = (
					"DEBUG=1",
					"$(inherited)",
				);
				GCC_WARN_64_TO_32_BIT_CONVERSION = YES;
				GCC_WARN_ABOUT_RETURN_TYPE = YES_ERROR;
				GCC_WARN_UNDECLARED_SELECTOR = YES;
				GCC_WARN_UNINITIALIZED_AUTOS = YES_AGGRESSIVE;
				GCC_WARN_UNUSED_FUNCTION = YES;
				GCC_WARN_UNUSED_VARIABLE = YES;
				IPHONEOS_DEPLOYMENT_TARGET = 15.0;
				MTL_ENABLE_DEBUG_INFO = INCLUDE_SOURCE;
				MTL_FAST_MATH = YES;
				ONLY_ACTIVE_ARCH = YES;
				SDKROOT = iphoneos;
				SWIFT_ACTIVE_COMPILATION_CONDITIONS = DEBUG;
				SWIFT_OPTIMIZATION_LEVEL = "-Onone";
			};
			name = Debug;
		};
		F590C00A2826B16A000898D3 /* Release */ = {
			isa = XCBuildConfiguration;
			buildSettings = {
				ALWAYS_SEARCH_USER_PATHS = NO;
				CLANG_ANALYZER_NONNULL = YES;
				CLANG_ANALYZER_NUMBER_OBJECT_CONVERSION = YES_AGGRESSIVE;
				CLANG_CXX_LANGUAGE_STANDARD = "gnu++17";
				CLANG_CXX_LIBRARY = "libc++";
				CLANG_ENABLE_MODULES = YES;
				CLANG_ENABLE_OBJC_ARC = YES;
				CLANG_ENABLE_OBJC_WEAK = YES;
				CLANG_WARN_BLOCK_CAPTURE_AUTORELEASING = YES;
				CLANG_WARN_BOOL_CONVERSION = YES;
				CLANG_WARN_COMMA = YES;
				CLANG_WARN_CONSTANT_CONVERSION = YES;
				CLANG_WARN_DEPRECATED_OBJC_IMPLEMENTATIONS = YES;
				CLANG_WARN_DIRECT_OBJC_ISA_USAGE = YES_ERROR;
				CLANG_WARN_DOCUMENTATION_COMMENTS = YES;
				CLANG_WARN_EMPTY_BODY = YES;
				CLANG_WARN_ENUM_CONVERSION = YES;
				CLANG_WARN_INFINITE_RECURSION = YES;
				CLANG_WARN_INT_CONVERSION = YES;
				CLANG_WARN_NON_LITERAL_NULL_CONVERSION = YES;
				CLANG_WARN_OBJC_IMPLICIT_RETAIN_SELF = YES;
				CLANG_WARN_OBJC_LITERAL_CONVERSION = YES;
				CLANG_WARN_OBJC_ROOT_CLASS = YES_ERROR;
				CLANG_WARN_QUOTED_INCLUDE_IN_FRAMEWORK_HEADER = YES;
				CLANG_WARN_RANGE_LOOP_ANALYSIS = YES;
				CLANG_WARN_STRICT_PROTOTYPES = YES;
				CLANG_WARN_SUSPICIOUS_MOVE = YES;
				CLANG_WARN_UNGUARDED_AVAILABILITY = YES_AGGRESSIVE;
				CLANG_WARN_UNREACHABLE_CODE = YES;
				CLANG_WARN__DUPLICATE_METHOD_MATCH = YES;
				COPY_PHASE_STRIP = NO;
				DEBUG_INFORMATION_FORMAT = "dwarf-with-dsym";
				ENABLE_NS_ASSERTIONS = NO;
				ENABLE_STRICT_OBJC_MSGSEND = YES;
				GCC_C_LANGUAGE_STANDARD = gnu11;
				GCC_NO_COMMON_BLOCKS = YES;
				GCC_WARN_64_TO_32_BIT_CONVERSION = YES;
				GCC_WARN_ABOUT_RETURN_TYPE = YES_ERROR;
				GCC_WARN_UNDECLARED_SELECTOR = YES;
				GCC_WARN_UNINITIALIZED_AUTOS = YES_AGGRESSIVE;
				GCC_WARN_UNUSED_FUNCTION = YES;
				GCC_WARN_UNUSED_VARIABLE = YES;
				IPHONEOS_DEPLOYMENT_TARGET = 15.0;
				MTL_ENABLE_DEBUG_INFO = NO;
				MTL_FAST_MATH = YES;
				SDKROOT = iphoneos;
				SWIFT_COMPILATION_MODE = wholemodule;
				SWIFT_OPTIMIZATION_LEVEL = "-O";
				VALIDATE_PRODUCT = YES;
			};
			name = Release;
		};
		F590C00C2826B16A000898D3 /* Debug */ = {
			isa = XCBuildConfiguration;
			buildSettings = {
				ASSETCATALOG_COMPILER_APPICON_NAME = AppIcon;
				ASSETCATALOG_COMPILER_GLOBAL_ACCENT_COLOR_NAME = AccentColor;
				CODE_SIGN_STYLE = Automatic;
				CURRENT_PROJECT_VERSION = 1;
				DEVELOPMENT_ASSET_PATHS = "\"SwiftUI test1/Preview Content\"";
				ENABLE_PREVIEWS = YES;
				GENERATE_INFOPLIST_FILE = YES;
				INFOPLIST_KEY_UIApplicationSceneManifest_Generation = YES;
				INFOPLIST_KEY_UIApplicationSupportsIndirectInputEvents = YES;
				INFOPLIST_KEY_UILaunchScreen_Generation = YES;
				INFOPLIST_KEY_UISupportedInterfaceOrientations_iPad = "UIInterfaceOrientationPortrait UIInterfaceOrientationPortraitUpsideDown UIInterfaceOrientationLandscapeLeft UIInterfaceOrientationLandscapeRight";
				INFOPLIST_KEY_UISupportedInterfaceOrientations_iPhone = "UIInterfaceOrientationPortrait UIInterfaceOrientationLandscapeLeft UIInterfaceOrientationLandscapeRight";
				IPHONEOS_DEPLOYMENT_TARGET = 14.0;
				LD_RUNPATH_SEARCH_PATHS = (
					"$(inherited)",
					"@executable_path/Frameworks",
				);
				MARKETING_VERSION = 1.0;
				PRODUCT_BUNDLE_IDENTIFIER = "Vlad.SwiftUI-test1";
				PRODUCT_NAME = "$(TARGET_NAME)";
				SWIFT_EMIT_LOC_STRINGS = YES;
				SWIFT_VERSION = 5.0;
				TARGETED_DEVICE_FAMILY = "1,2";
			};
			name = Debug;
		};
		F590C00D2826B16A000898D3 /* Release */ = {
			isa = XCBuildConfiguration;
			buildSettings = {
				ASSETCATALOG_COMPILER_APPICON_NAME = AppIcon;
				ASSETCATALOG_COMPILER_GLOBAL_ACCENT_COLOR_NAME = AccentColor;
				CODE_SIGN_STYLE = Automatic;
				CURRENT_PROJECT_VERSION = 1;
				DEVELOPMENT_ASSET_PATHS = "\"SwiftUI test1/Preview Content\"";
				ENABLE_PREVIEWS = YES;
				GENERATE_INFOPLIST_FILE = YES;
				INFOPLIST_KEY_UIApplicationSceneManifest_Generation = YES;
				INFOPLIST_KEY_UIApplicationSupportsIndirectInputEvents = YES;
				INFOPLIST_KEY_UILaunchScreen_Generation = YES;
				INFOPLIST_KEY_UISupportedInterfaceOrientations_iPad = "UIInterfaceOrientationPortrait UIInterfaceOrientationPortraitUpsideDown UIInterfaceOrientationLandscapeLeft UIInterfaceOrientationLandscapeRight";
				INFOPLIST_KEY_UISupportedInterfaceOrientations_iPhone = "UIInterfaceOrientationPortrait UIInterfaceOrientationLandscapeLeft UIInterfaceOrientationLandscapeRight";
				IPHONEOS_DEPLOYMENT_TARGET = 14.0;
				LD_RUNPATH_SEARCH_PATHS = (
					"$(inherited)",
					"@executable_path/Frameworks",
				);
				MARKETING_VERSION = 1.0;
				PRODUCT_BUNDLE_IDENTIFIER = "Vlad.SwiftUI-test1";
				PRODUCT_NAME = "$(TARGET_NAME)";
				SWIFT_EMIT_LOC_STRINGS = YES;
				SWIFT_VERSION = 5.0;
				TARGETED_DEVICE_FAMILY = "1,2";
			};
			name = Release;
		};
		F590C00F2826B16A000898D3 /* Debug */ = {
			isa = XCBuildConfiguration;
			buildSettings = {
				ALWAYS_EMBED_SWIFT_STANDARD_LIBRARIES = YES;
				BUNDLE_LOADER = "$(TEST_HOST)";
				CODE_SIGN_STYLE = Automatic;
				CURRENT_PROJECT_VERSION = 1;
				GENERATE_INFOPLIST_FILE = YES;
				IPHONEOS_DEPLOYMENT_TARGET = 14.0;
				LD_RUNPATH_SEARCH_PATHS = (
					"$(inherited)",
					"@executable_path/Frameworks",
					"@loader_path/Frameworks",
				);
				MARKETING_VERSION = 1.0;
				PRODUCT_BUNDLE_IDENTIFIER = "Vlad.SwiftUI-test1Tests";
				PRODUCT_NAME = "$(TARGET_NAME)";
				SWIFT_EMIT_LOC_STRINGS = NO;
				SWIFT_VERSION = 5.0;
				TARGETED_DEVICE_FAMILY = "1,2";
				TEST_HOST = "$(BUILT_PRODUCTS_DIR)/SwiftUI test1.app/SwiftUI test1";
			};
			name = Debug;
		};
		F590C0102826B16A000898D3 /* Release */ = {
			isa = XCBuildConfiguration;
			buildSettings = {
				ALWAYS_EMBED_SWIFT_STANDARD_LIBRARIES = YES;
				BUNDLE_LOADER = "$(TEST_HOST)";
				CODE_SIGN_STYLE = Automatic;
				CURRENT_PROJECT_VERSION = 1;
				GENERATE_INFOPLIST_FILE = YES;
				IPHONEOS_DEPLOYMENT_TARGET = 14.0;
				LD_RUNPATH_SEARCH_PATHS = (
					"$(inherited)",
					"@executable_path/Frameworks",
					"@loader_path/Frameworks",
				);
				MARKETING_VERSION = 1.0;
				PRODUCT_BUNDLE_IDENTIFIER = "Vlad.SwiftUI-test1Tests";
				PRODUCT_NAME = "$(TARGET_NAME)";
				SWIFT_EMIT_LOC_STRINGS = NO;
				SWIFT_VERSION = 5.0;
				TARGETED_DEVICE_FAMILY = "1,2";
				TEST_HOST = "$(BUILT_PRODUCTS_DIR)/SwiftUI test1.app/SwiftUI test1";
			};
			name = Release;
		};
		F590C0122826B16A000898D3 /* Debug */ = {
			isa = XCBuildConfiguration;
			buildSettings = {
				ALWAYS_EMBED_SWIFT_STANDARD_LIBRARIES = YES;
				CODE_SIGN_STYLE = Automatic;
				CURRENT_PROJECT_VERSION = 1;
				GENERATE_INFOPLIST_FILE = YES;
				LD_RUNPATH_SEARCH_PATHS = (
					"$(inherited)",
					"@executable_path/Frameworks",
					"@loader_path/Frameworks",
				);
				MARKETING_VERSION = 1.0;
				PRODUCT_BUNDLE_IDENTIFIER = "Vlad.SwiftUI-test1UITests";
				PRODUCT_NAME = "$(TARGET_NAME)";
				SWIFT_EMIT_LOC_STRINGS = NO;
				SWIFT_VERSION = 5.0;
				TARGETED_DEVICE_FAMILY = "1,2";
				TEST_TARGET_NAME = "SwiftUI test1";
			};
			name = Debug;
		};
		F590C0132826B16A000898D3 /* Release */ = {
			isa = XCBuildConfiguration;
			buildSettings = {
				ALWAYS_EMBED_SWIFT_STANDARD_LIBRARIES = YES;
				CODE_SIGN_STYLE = Automatic;
				CURRENT_PROJECT_VERSION = 1;
				GENERATE_INFOPLIST_FILE = YES;
				LD_RUNPATH_SEARCH_PATHS = (
					"$(inherited)",
					"@executable_path/Frameworks",
					"@loader_path/Frameworks",
				);
				MARKETING_VERSION = 1.0;
				PRODUCT_BUNDLE_IDENTIFIER = "Vlad.SwiftUI-test1UITests";
				PRODUCT_NAME = "$(TARGET_NAME)";
				SWIFT_EMIT_LOC_STRINGS = NO;
				SWIFT_VERSION = 5.0;
				TARGETED_DEVICE_FAMILY = "1,2";
				TEST_TARGET_NAME = "SwiftUI test1";
			};
			name = Release;
		};
/* End XCBuildConfiguration section */

/* Begin XCConfigurationList section */
		F590BFE22826B166000898D3 /* Build configuration list for PBXProject "SwiftUI test1" */ = {
			isa = XCConfigurationList;
			buildConfigurations = (
				F590C0092826B16A000898D3 /* Debug */,
				F590C00A2826B16A000898D3 /* Release */,
			);
			defaultConfigurationIsVisible = 0;
			defaultConfigurationName = Release;
		};
		F590C00B2826B16A000898D3 /* Build configuration list for PBXNativeTarget "SwiftUI test1" */ = {
			isa = XCConfigurationList;
			buildConfigurations = (
				F590C00C2826B16A000898D3 /* Debug */,
				F590C00D2826B16A000898D3 /* Release */,
			);
			defaultConfigurationIsVisible = 0;
			defaultConfigurationName = Release;
		};
		F590C00E2826B16A000898D3 /* Build configuration list for PBXNativeTarget "SwiftUI test1Tests" */ = {
			isa = XCConfigurationList;
			buildConfigurations = (
				F590C00F2826B16A000898D3 /* Debug */,
				F590C0102826B16A000898D3 /* Release */,
			);
			defaultConfigurationIsVisible = 0;
			defaultConfigurationName = Release;
		};
		F590C0112826B16A000898D3 /* Build configuration list for PBXNativeTarget "SwiftUI test1UITests" */ = {
			isa = XCConfigurationList;
			buildConfigurations = (
				F590C0122826B16A000898D3 /* Debug */,
				F590C0132826B16A000898D3 /* Release */,
			);
			defaultConfigurationIsVisible = 0;
			defaultConfigurationName = Release;
		};
/* End XCConfigurationList section */
	};
	rootObject = F590BFDF2826B166000898D3 /* Project object */;
}
